// !$*UTF8*$!
{
	archiveVersion = 1;
	classes = {
	};
	objectVersion = 56;
	objects = {

/* Begin PBXBuildFile section */
		8B01B2572A44C94D005990B8 /* RealityKitContent in Frameworks */ = {isa = PBXBuildFile; productRef = 8B01B2562A44C94D005990B8 /* RealityKitContent */; };
		8B01B2592A44C94D005990B8 /* FirstTestAppApp.swift in Sources */ = {isa = PBXBuildFile; fileRef = 8B01B2582A44C94D005990B8 /* FirstTestAppApp.swift */; };
		8B01B25B2A44C94D005990B8 /* ContentView.swift in Sources */ = {isa = PBXBuildFile; fileRef = 8B01B25A2A44C94D005990B8 /* ContentView.swift */; };
		8B01B25D2A44C950005990B8 /* Assets.xcassets in Resources */ = {isa = PBXBuildFile; fileRef = 8B01B25C2A44C950005990B8 /* Assets.xcassets */; };
		8B01B2602A44C950005990B8 /* Preview Assets.xcassets in Resources */ = {isa = PBXBuildFile; fileRef = 8B01B25F2A44C950005990B8 /* Preview Assets.xcassets */; };
		8B01B26A2A44C950005990B8 /* FirstTestAppTests.swift in Sources */ = {isa = PBXBuildFile; fileRef = 8B01B2692A44C950005990B8 /* FirstTestAppTests.swift */; };
/* End PBXBuildFile section */

/* Begin PBXContainerItemProxy section */
		8B01B2662A44C950005990B8 /* PBXContainerItemProxy */ = {
			isa = PBXContainerItemProxy;
			containerPortal = 8B01B2492A44C94D005990B8 /* Project object */;
			proxyType = 1;
			remoteGlobalIDString = 8B01B2502A44C94D005990B8;
			remoteInfo = FirstTestApp;
		};
/* End PBXContainerItemProxy section */

/* Begin PBXFileReference section */
		8B01B2512A44C94D005990B8 /* FirstTestApp.app */ = {isa = PBXFileReference; explicitFileType = wrapper.application; includeInIndex = 0; path = FirstTestApp.app; sourceTree = BUILT_PRODUCTS_DIR; };
		8B01B2552A44C94D005990B8 /* RealityKitContent */ = {isa = PBXFileReference; lastKnownFileType = wrapper; path = RealityKitContent; sourceTree = "<group>"; };
		8B01B2582A44C94D005990B8 /* FirstTestAppApp.swift */ = {isa = PBXFileReference; lastKnownFileType = sourcecode.swift; path = FirstTestAppApp.swift; sourceTree = "<group>"; };
		8B01B25A2A44C94D005990B8 /* ContentView.swift */ = {isa = PBXFileReference; lastKnownFileType = sourcecode.swift; path = ContentView.swift; sourceTree = "<group>"; };
		8B01B25C2A44C950005990B8 /* Assets.xcassets */ = {isa = PBXFileReference; lastKnownFileType = folder.assetcatalog; path = Assets.xcassets; sourceTree = "<group>"; };
		8B01B25F2A44C950005990B8 /* Preview Assets.xcassets */ = {isa = PBXFileReference; lastKnownFileType = folder.assetcatalog; path = "Preview Assets.xcassets"; sourceTree = "<group>"; };
		8B01B2652A44C950005990B8 /* FirstTestAppTests.xctest */ = {isa = PBXFileReference; explicitFileType = wrapper.cfbundle; includeInIndex = 0; path = FirstTestAppTests.xctest; sourceTree = BUILT_PRODUCTS_DIR; };
		8B01B2692A44C950005990B8 /* FirstTestAppTests.swift */ = {isa = PBXFileReference; lastKnownFileType = sourcecode.swift; path = FirstTestAppTests.swift; sourceTree = "<group>"; };
/* End PBXFileReference section */

/* Begin PBXFrameworksBuildPhase section */
		8B01B24E2A44C94D005990B8 /* Frameworks */ = {
			isa = PBXFrameworksBuildPhase;
			buildActionMask = 2147483647;
			files = (
				8B01B2572A44C94D005990B8 /* RealityKitContent in Frameworks */,
			);
			runOnlyForDeploymentPostprocessing = 0;
		};
		8B01B2622A44C950005990B8 /* Frameworks */ = {
			isa = PBXFrameworksBuildPhase;
			buildActionMask = 2147483647;
			files = (
			);
			runOnlyForDeploymentPostprocessing = 0;
		};
/* End PBXFrameworksBuildPhase section */

/* Begin PBXGroup section */
		8B01B2482A44C94D005990B8 = {
			isa = PBXGroup;
			children = (
				8B01B2532A44C94D005990B8 /* FirstTestApp */,
				8B01B2542A44C94D005990B8 /* Packages */,
				8B01B2682A44C950005990B8 /* FirstTestAppTests */,
				8B01B2522A44C94D005990B8 /* Products */,
			);
			sourceTree = "<group>";
		};
		8B01B2522A44C94D005990B8 /* Products */ = {
			isa = PBXGroup;
			children = (
				8B01B2512A44C94D005990B8 /* FirstTestApp.app */,
				8B01B2652A44C950005990B8 /* FirstTestAppTests.xctest */,
			);
			name = Products;
			sourceTree = "<group>";
		};
		8B01B2532A44C94D005990B8 /* FirstTestApp */ = {
			isa = PBXGroup;
			children = (
				8B01B2582A44C94D005990B8 /* FirstTestAppApp.swift */,
				8B01B25A2A44C94D005990B8 /* ContentView.swift */,
				8B01B25C2A44C950005990B8 /* Assets.xcassets */,
				8B01B25E2A44C950005990B8 /* Preview Content */,
			);
			path = FirstTestApp;
			sourceTree = "<group>";
		};
		8B01B2542A44C94D005990B8 /* Packages */ = {
			isa = PBXGroup;
			children = (
				8B01B2552A44C94D005990B8 /* RealityKitContent */,
			);
			path = Packages;
			sourceTree = "<group>";
		};
		8B01B25E2A44C950005990B8 /* Preview Content */ = {
			isa = PBXGroup;
			children = (
				8B01B25F2A44C950005990B8 /* Preview Assets.xcassets */,
			);
			path = "Preview Content";
			sourceTree = "<group>";
		};
		8B01B2682A44C950005990B8 /* FirstTestAppTests */ = {
			isa = PBXGroup;
			children = (
				8B01B2692A44C950005990B8 /* FirstTestAppTests.swift */,
			);
			path = FirstTestAppTests;
			sourceTree = "<group>";
		};
/* End PBXGroup section */

/* Begin PBXNativeTarget section */
		8B01B2502A44C94D005990B8 /* FirstTestApp */ = {
			isa = PBXNativeTarget;
			buildConfigurationList = 8B01B26D2A44C950005990B8 /* Build configuration list for PBXNativeTarget "FirstTestApp" */;
			buildPhases = (
				8B01B24D2A44C94D005990B8 /* Sources */,
				8B01B24E2A44C94D005990B8 /* Frameworks */,
				8B01B24F2A44C94D005990B8 /* Resources */,
			);
			buildRules = (
			);
			dependencies = (
			);
			name = FirstTestApp;
			packageProductDependencies = (
				8B01B2562A44C94D005990B8 /* RealityKitContent */,
			);
			productName = FirstTestApp;
			productReference = 8B01B2512A44C94D005990B8 /* FirstTestApp.app */;
			productType = "com.apple.product-type.application";
		};
		8B01B2642A44C950005990B8 /* FirstTestAppTests */ = {
			isa = PBXNativeTarget;
			buildConfigurationList = 8B01B2702A44C950005990B8 /* Build configuration list for PBXNativeTarget "FirstTestAppTests" */;
			buildPhases = (
				8B01B2612A44C950005990B8 /* Sources */,
				8B01B2622A44C950005990B8 /* Frameworks */,
				8B01B2632A44C950005990B8 /* Resources */,
			);
			buildRules = (
			);
			dependencies = (
				8B01B2672A44C950005990B8 /* PBXTargetDependency */,
			);
			name = FirstTestAppTests;
			productName = FirstTestAppTests;
			productReference = 8B01B2652A44C950005990B8 /* FirstTestAppTests.xctest */;
			productType = "com.apple.product-type.bundle.unit-test";
		};
/* End PBXNativeTarget section */

/* Begin PBXProject section */
		8B01B2492A44C94D005990B8 /* Project object */ = {
			isa = PBXProject;
			attributes = {
				BuildIndependentTargetsInParallel = 1;
				LastSwiftUpdateCheck = 1500;
				LastUpgradeCheck = 1500;
				TargetAttributes = {
					8B01B2502A44C94D005990B8 = {
						CreatedOnToolsVersion = 15.0;
					};
					8B01B2642A44C950005990B8 = {
						CreatedOnToolsVersion = 15.0;
						TestTargetID = 8B01B2502A44C94D005990B8;
					};
				};
			};
			buildConfigurationList = 8B01B24C2A44C94D005990B8 /* Build configuration list for PBXProject "FirstTestApp" */;
			compatibilityVersion = "Xcode 14.0";
			developmentRegion = en;
			hasScannedForEncodings = 0;
			knownRegions = (
				en,
				Base,
			);
			mainGroup = 8B01B2482A44C94D005990B8;
			productRefGroup = 8B01B2522A44C94D005990B8 /* Products */;
			projectDirPath = "";
			projectRoot = "";
			targets = (
				8B01B2502A44C94D005990B8 /* FirstTestApp */,
				8B01B2642A44C950005990B8 /* FirstTestAppTests */,
			);
		};
/* End PBXProject section */

/* Begin PBXResourcesBuildPhase section */
		8B01B24F2A44C94D005990B8 /* Resources */ = {
			isa = PBXResourcesBuildPhase;
			buildActionMask = 2147483647;
			files = (
				8B01B2602A44C950005990B8 /* Preview Assets.xcassets in Resources */,
				8B01B25D2A44C950005990B8 /* Assets.xcassets in Resources */,
			);
			runOnlyForDeploymentPostprocessing = 0;
		};
		8B01B2632A44C950005990B8 /* Resources */ = {
			isa = PBXResourcesBuildPhase;
			buildActionMask = 2147483647;
			files = (
			);
			runOnlyForDeploymentPostprocessing = 0;
		};
/* End PBXResourcesBuildPhase section */

/* Begin PBXSourcesBuildPhase section */
		8B01B24D2A44C94D005990B8 /* Sources */ = {
			isa = PBXSourcesBuildPhase;
			buildActionMask = 2147483647;
			files = (
				8B01B25B2A44C94D005990B8 /* ContentView.swift in Sources */,
				8B01B2592A44C94D005990B8 /* FirstTestAppApp.swift in Sources */,
			);
			runOnlyForDeploymentPostprocessing = 0;
		};
		8B01B2612A44C950005990B8 /* Sources */ = {
			isa = PBXSourcesBuildPhase;
			buildActionMask = 2147483647;
			files = (
				8B01B26A2A44C950005990B8 /* FirstTestAppTests.swift in Sources */,
			);
			runOnlyForDeploymentPostprocessing = 0;
		};
/* End PBXSourcesBuildPhase section */

/* Begin PBXTargetDependency section */
		8B01B2672A44C950005990B8 /* PBXTargetDependency */ = {
			isa = PBXTargetDependency;
			target = 8B01B2502A44C94D005990B8 /* FirstTestApp */;
			targetProxy = 8B01B2662A44C950005990B8 /* PBXContainerItemProxy */;
		};
/* End PBXTargetDependency section */

/* Begin XCBuildConfiguration section */
		8B01B26B2A44C950005990B8 /* Debug */ = {
			isa = XCBuildConfiguration;
			buildSettings = {
				ALWAYS_SEARCH_USER_PATHS = NO;
				ASSETCATALOG_COMPILER_GENERATE_SWIFT_ASSET_SYMBOL_EXTENSIONS = YES;
				CLANG_ANALYZER_NONNULL = YES;
				CLANG_ANALYZER_NUMBER_OBJECT_CONVERSION = YES_AGGRESSIVE;
				CLANG_CXX_LANGUAGE_STANDARD = "gnu++20";
				CLANG_ENABLE_MODULES = YES;
				CLANG_ENABLE_OBJC_ARC = YES;
				CLANG_ENABLE_OBJC_WEAK = YES;
				CLANG_WARN_BLOCK_CAPTURE_AUTORELEASING = YES;
				CLANG_WARN_BOOL_CONVERSION = YES;
				CLANG_WARN_COMMA = YES;
				CLANG_WARN_CONSTANT_CONVERSION = YES;
				CLANG_WARN_DEPRECATED_OBJC_IMPLEMENTATIONS = YES;
				CLANG_WARN_DIRECT_OBJC_ISA_USAGE = YES_ERROR;
				CLANG_WARN_DOCUMENTATION_COMMENTS = YES;
				CLANG_WARN_EMPTY_BODY = YES;
				CLANG_WARN_ENUM_CONVERSION = YES;
				CLANG_WARN_INFINITE_RECURSION = YES;
				CLANG_WARN_INT_CONVERSION = YES;
				CLANG_WARN_NON_LITERAL_NULL_CONVERSION = YES;
				CLANG_WARN_OBJC_IMPLICIT_RETAIN_SELF = YES;
				CLANG_WARN_OBJC_LITERAL_CONVERSION = YES;
				CLANG_WARN_OBJC_ROOT_CLASS = YES_ERROR;
				CLANG_WARN_QUOTED_INCLUDE_IN_FRAMEWORK_HEADER = YES;
				CLANG_WARN_RANGE_LOOP_ANALYSIS = YES;
				CLANG_WARN_STRICT_PROTOTYPES = YES;
				CLANG_WARN_SUSPICIOUS_MOVE = YES;
				CLANG_WARN_UNGUARDED_AVAILABILITY = YES_AGGRESSIVE;
				CLANG_WARN_UNREACHABLE_CODE = YES;
				CLANG_WARN__DUPLICATE_METHOD_MATCH = YES;
				COPY_PHASE_STRIP = NO;
				DEBUG_INFORMATION_FORMAT = dwarf;
				ENABLE_STRICT_OBJC_MSGSEND = YES;
				ENABLE_TESTABILITY = YES;
				ENABLE_USER_SCRIPT_SANDBOXING = YES;
				GCC_C_LANGUAGE_STANDARD = gnu17;
				GCC_DYNAMIC_NO_PIC = NO;
				GCC_NO_COMMON_BLOCKS = YES;
				GCC_OPTIMIZATION_LEVEL = 0;
				GCC_PREPROCESSOR_DEFINITIONS = (
					"DEBUG=1",
					"$(inherited)",
				);
				GCC_WARN_64_TO_32_BIT_CONVERSION = YES;
				GCC_WARN_ABOUT_RETURN_TYPE = YES_ERROR;
				GCC_WARN_UNDECLARED_SELECTOR = YES;
				GCC_WARN_UNINITIALIZED_AUTOS = YES_AGGRESSIVE;
				GCC_WARN_UNUSED_FUNCTION = YES;
				GCC_WARN_UNUSED_VARIABLE = YES;
				LOCALIZATION_PREFERS_STRING_CATALOGS = YES;
				MTL_ENABLE_DEBUG_INFO = INCLUDE_SOURCE;
				MTL_FAST_MATH = YES;
				ONLY_ACTIVE_ARCH = YES;
				SDKROOT = xros;
				SWIFT_ACTIVE_COMPILATION_CONDITIONS = "DEBUG $(inherited)";
				SWIFT_OPTIMIZATION_LEVEL = "-Onone";
				XROS_DEPLOYMENT_TARGET = 1.0;
			};
			name = Debug;
		};
		8B01B26C2A44C950005990B8 /* Release */ = {
			isa = XCBuildConfiguration;
			buildSettings = {
				ALWAYS_SEARCH_USER_PATHS = NO;
				ASSETCATALOG_COMPILER_GENERATE_SWIFT_ASSET_SYMBOL_EXTENSIONS = YES;
				CLANG_ANALYZER_NONNULL = YES;
				CLANG_ANALYZER_NUMBER_OBJECT_CONVERSION = YES_AGGRESSIVE;
				CLANG_CXX_LANGUAGE_STANDARD = "gnu++20";
				CLANG_ENABLE_MODULES = YES;
				CLANG_ENABLE_OBJC_ARC = YES;
				CLANG_ENABLE_OBJC_WEAK = YES;
				CLANG_WARN_BLOCK_CAPTURE_AUTORELEASING = YES;
				CLANG_WARN_BOOL_CONVERSION = YES;
				CLANG_WARN_COMMA = YES;
				CLANG_WARN_CONSTANT_CONVERSION = YES;
				CLANG_WARN_DEPRECATED_OBJC_IMPLEMENTATIONS = YES;
				CLANG_WARN_DIRECT_OBJC_ISA_USAGE = YES_ERROR;
				CLANG_WARN_DOCUMENTATION_COMMENTS = YES;
				CLANG_WARN_EMPTY_BODY = YES;
				CLANG_WARN_ENUM_CONVERSION = YES;
				CLANG_WARN_INFINITE_RECURSION = YES;
				CLANG_WARN_INT_CONVERSION = YES;
				CLANG_WARN_NON_LITERAL_NULL_CONVERSION = YES;
				CLANG_WARN_OBJC_IMPLICIT_RETAIN_SELF = YES;
				CLANG_WARN_OBJC_LITERAL_CONVERSION = YES;
				CLANG_WARN_OBJC_ROOT_CLASS = YES_ERROR;
				CLANG_WARN_QUOTED_INCLUDE_IN_FRAMEWORK_HEADER = YES;
				CLANG_WARN_RANGE_LOOP_ANALYSIS = YES;
				CLANG_WARN_STRICT_PROTOTYPES = YES;
				CLANG_WARN_SUSPICIOUS_MOVE = YES;
				CLANG_WARN_UNGUARDED_AVAILABILITY = YES_AGGRESSIVE;
				CLANG_WARN_UNREACHABLE_CODE = YES;
				CLANG_WARN__DUPLICATE_METHOD_MATCH = YES;
				COPY_PHASE_STRIP = NO;
				DEBUG_INFORMATION_FORMAT = "dwarf-with-dsym";
				ENABLE_NS_ASSERTIONS = NO;
				ENABLE_STRICT_OBJC_MSGSEND = YES;
				ENABLE_USER_SCRIPT_SANDBOXING = YES;
				GCC_C_LANGUAGE_STANDARD = gnu17;
				GCC_NO_COMMON_BLOCKS = YES;
				GCC_WARN_64_TO_32_BIT_CONVERSION = YES;
				GCC_WARN_ABOUT_RETURN_TYPE = YES_ERROR;
				GCC_WARN_UNDECLARED_SELECTOR = YES;
				GCC_WARN_UNINITIALIZED_AUTOS = YES_AGGRESSIVE;
				GCC_WARN_UNUSED_FUNCTION = YES;
				GCC_WARN_UNUSED_VARIABLE = YES;
				LOCALIZATION_PREFERS_STRING_CATALOGS = YES;
				MTL_ENABLE_DEBUG_INFO = NO;
				MTL_FAST_MATH = YES;
				SDKROOT = xros;
				SWIFT_COMPILATION_MODE = wholemodule;
				VALIDATE_PRODUCT = YES;
				XROS_DEPLOYMENT_TARGET = 1.0;
			};
			name = Release;
		};
		8B01B26E2A44C950005990B8 /* Debug */ = {
			isa = XCBuildConfiguration;
			buildSettings = {
				ASSETCATALOG_COMPILER_APPICON_NAME = AppIcon;
				ASSETCATALOG_COMPILER_GLOBAL_ACCENT_COLOR_NAME = AccentColor;
				CODE_SIGN_STYLE = Automatic;
				CURRENT_PROJECT_VERSION = 1;
				DEVELOPMENT_ASSET_PATHS = "\"FirstTestApp/Preview Content\"";
				ENABLE_PREVIEWS = YES;
				GENERATE_INFOPLIST_FILE = YES;
				INFOPLIST_KEY_UIApplicationSceneManifest_Generation = YES;
				LD_RUNPATH_SEARCH_PATHS = (
					"$(inherited)",
					"@executable_path/Frameworks",
				);
				MARKETING_VERSION = 1.0;
				PRODUCT_BUNDLE_IDENTIFIER = org.YakupYazar.FirstTestApp;
				PRODUCT_NAME = "$(TARGET_NAME)";
				SUPPORTED_PLATFORMS = "xros xrsimulator";
				SWIFT_EMIT_LOC_STRINGS = YES;
				SWIFT_VERSION = 5.0;
				TARGETED_DEVICE_FAMILY = "1,2,7";
			};
			name = Debug;
		};
		8B01B26F2A44C950005990B8 /* Release */ = {
			isa = XCBuildConfiguration;
			buildSettings = {
				ASSETCATALOG_COMPILER_APPICON_NAME = AppIcon;
				ASSETCATALOG_COMPILER_GLOBAL_ACCENT_COLOR_NAME = AccentColor;
				CODE_SIGN_STYLE = Automatic;
				CURRENT_PROJECT_VERSION = 1;
				DEVELOPMENT_ASSET_PATHS = "\"FirstTestApp/Preview Content\"";
				ENABLE_PREVIEWS = YES;
				GENERATE_INFOPLIST_FILE = YES;
				INFOPLIST_KEY_UIApplicationSceneManifest_Generation = YES;
				LD_RUNPATH_SEARCH_PATHS = (
					"$(inherited)",
					"@executable_path/Frameworks",
				);
				MARKETING_VERSION = 1.0;
				PRODUCT_BUNDLE_IDENTIFIER = org.YakupYazar.FirstTestApp;
				PRODUCT_NAME = "$(TARGET_NAME)";
				SUPPORTED_PLATFORMS = "xros xrsimulator";
				SWIFT_EMIT_LOC_STRINGS = YES;
				SWIFT_VERSION = 5.0;
				TARGETED_DEVICE_FAMILY = "1,2,7";
			};
			name = Release;
		};
		8B01B2712A44C950005990B8 /* Debug */ = {
			isa = XCBuildConfiguration;
			buildSettings = {
				ALWAYS_EMBED_SWIFT_STANDARD_LIBRARIES = YES;
				BUNDLE_LOADER = "$(TEST_HOST)";
				CODE_SIGN_STYLE = Automatic;
				CURRENT_PROJECT_VERSION = 1;
				GENERATE_INFOPLIST_FILE = YES;
				MARKETING_VERSION = 1.0;
				PRODUCT_BUNDLE_IDENTIFIER = org.YakupYazar.FirstTestAppTests;
				PRODUCT_NAME = "$(TARGET_NAME)";
				SUPPORTED_PLATFORMS = "xros xrsimulator";
				SWIFT_EMIT_LOC_STRINGS = NO;
				SWIFT_VERSION = 5.0;
				TARGETED_DEVICE_FAMILY = "1,2,7";
				TEST_HOST = "$(BUILT_PRODUCTS_DIR)/FirstTestApp.app/$(BUNDLE_EXECUTABLE_FOLDER_PATH)/FirstTestApp";
				XROS_DEPLOYMENT_TARGET = 1.0;
			};
			name = Debug;
		};
		8B01B2722A44C950005990B8 /* Release */ = {
			isa = XCBuildConfiguration;
			buildSettings = {
				ALWAYS_EMBED_SWIFT_STANDARD_LIBRARIES = YES;
				BUNDLE_LOADER = "$(TEST_HOST)";
				CODE_SIGN_STYLE = Automatic;
				CURRENT_PROJECT_VERSION = 1;
				GENERATE_INFOPLIST_FILE = YES;
				MARKETING_VERSION = 1.0;
				PRODUCT_BUNDLE_IDENTIFIER = org.YakupYazar.FirstTestAppTests;
				PRODUCT_NAME = "$(TARGET_NAME)";
				SUPPORTED_PLATFORMS = "xros xrsimulator";
				SWIFT_EMIT_LOC_STRINGS = NO;
				SWIFT_VERSION = 5.0;
				TARGETED_DEVICE_FAMILY = "1,2,7";
				TEST_HOST = "$(BUILT_PRODUCTS_DIR)/FirstTestApp.app/$(BUNDLE_EXECUTABLE_FOLDER_PATH)/FirstTestApp";
				XROS_DEPLOYMENT_TARGET = 1.0;
			};
			name = Release;
		};
/* End XCBuildConfiguration section */

/* Begin XCConfigurationList section */
		8B01B24C2A44C94D005990B8 /* Build configuration list for PBXProject "FirstTestApp" */ = {
			isa = XCConfigurationList;
			buildConfigurations = (
				8B01B26B2A44C950005990B8 /* Debug */,
				8B01B26C2A44C950005990B8 /* Release */,
			);
			defaultConfigurationIsVisible = 0;
			defaultConfigurationName = Release;
		};
		8B01B26D2A44C950005990B8 /* Build configuration list for PBXNativeTarget "FirstTestApp" */ = {
			isa = XCConfigurationList;
			buildConfigurations = (
				8B01B26E2A44C950005990B8 /* Debug */,
				8B01B26F2A44C950005990B8 /* Release */,
			);
			defaultConfigurationIsVisible = 0;
			defaultConfigurationName = Release;
		};
		8B01B2702A44C950005990B8 /* Build configuration list for PBXNativeTarget "FirstTestAppTests" */ = {
			isa = XCConfigurationList;
			buildConfigurations = (
				8B01B2712A44C950005990B8 /* Debug */,
				8B01B2722A44C950005990B8 /* Release */,
			);
			defaultConfigurationIsVisible = 0;
			defaultConfigurationName = Release;
		};
/* End XCConfigurationList section */

/* Begin XCSwiftPackageProductDependency section */
		8B01B2562A44C94D005990B8 /* RealityKitContent */ = {
			isa = XCSwiftPackageProductDependency;
			productName = RealityKitContent;
		};
/* End XCSwiftPackageProductDependency section */
	};
	rootObject = 8B01B2492A44C94D005990B8 /* Project object */;
}
